
Microsoft Visual Studio Solution File, Format Version 12.00
# Visual Studio Version 16
VisualStudioVersion = 16.0.29905.134
MinimumVisualStudioVersion = 10.0.40219.1
Project("{FAE04EC0-301F-11D3-BF4B-00C04F79EFBC}") = "SignalRChat", "SignalRChat\SignalRChat.csproj", "{CF9DF92A-BD1F-4E70-8F92-DD1D5DE3E88C}"
EndProject
Global
	GlobalSection(SolutionConfigurationPlatforms) = preSolution
		Debug|Any CPU = Debug|Any CPU
		Release|Any CPU = Release|Any CPU
	EndGlobalSection
	GlobalSection(ProjectConfigurationPlatforms) = postSolution
		{CF9DF92A-BD1F-4E70-8F92-DD1D5DE3E88C}.Debug|Any CPU.ActiveCfg = Debug|Any CPU
		{CF9DF92A-BD1F-4E70-8F92-DD1D5DE3E88C}.Debug|Any CPU.Build.0 = Debug|Any CPU
		{CF9DF92A-BD1F-4E70-8F92-DD1D5DE3E88C}.Release|Any CPU.ActiveCfg = Release|Any CPU
		{CF9DF92A-BD1F-4E70-8F92-DD1D5DE3E88C}.Release|Any CPU.Build.0 = Release|Any CPU
	EndGlobalSection
	GlobalSection(SolutionProperties) = preSolution
		HideSolutionNode = FALSE
	EndGlobalSection
	GlobalSection(ExtensibilityGlobals) = postSolution
		SolutionGuid = {FA9D05D1-E438-404C-8DBD-88A85AADECD4}
	EndGlobalSection
EndGlobal
